// !$*UTF8*$!
{
	archiveVersion = 1;
	classes = {
	};
	objectVersion = 50;
	objects = {

/* Begin PBXBuildFile section */
		09B8359424C9F6D100FC7FD7 /* AppDelegate.swift in Sources */ = {isa = PBXBuildFile; fileRef = 09B8359324C9F6D100FC7FD7 /* AppDelegate.swift */; };
		09B8359624C9F6D100FC7FD7 /* SceneDelegate.swift in Sources */ = {isa = PBXBuildFile; fileRef = 09B8359524C9F6D100FC7FD7 /* SceneDelegate.swift */; };
		09B8359824C9F6D100FC7FD7 /* ViewController.swift in Sources */ = {isa = PBXBuildFile; fileRef = 09B8359724C9F6D100FC7FD7 /* ViewController.swift */; };
		09B8359B24C9F6D100FC7FD7 /* Main.storyboard in Resources */ = {isa = PBXBuildFile; fileRef = 09B8359924C9F6D100FC7FD7 /* Main.storyboard */; };
		09B8359E24C9F6D100FC7FD7 /* AccessibilityApp_VoiceOver.xcdatamodeld in Sources */ = {isa = PBXBuildFile; fileRef = 09B8359C24C9F6D100FC7FD7 /* AccessibilityApp_VoiceOver.xcdatamodeld */; };
		09B835A024C9F6D600FC7FD7 /* Assets.xcassets in Resources */ = {isa = PBXBuildFile; fileRef = 09B8359F24C9F6D600FC7FD7 /* Assets.xcassets */; };
		09B835A324C9F6D600FC7FD7 /* LaunchScreen.storyboard in Resources */ = {isa = PBXBuildFile; fileRef = 09B835A124C9F6D600FC7FD7 /* LaunchScreen.storyboard */; };
		09B835AE24C9F6D600FC7FD7 /* AccessibilityApp_VoiceOverTests.swift in Sources */ = {isa = PBXBuildFile; fileRef = 09B835AD24C9F6D600FC7FD7 /* AccessibilityApp_VoiceOverTests.swift */; };
/* End PBXBuildFile section */

/* Begin PBXContainerItemProxy section */
		09B835AA24C9F6D600FC7FD7 /* PBXContainerItemProxy */ = {
			isa = PBXContainerItemProxy;
			containerPortal = 09B8358824C9F6D100FC7FD7 /* Project object */;
			proxyType = 1;
			remoteGlobalIDString = 09B8358F24C9F6D100FC7FD7;
			remoteInfo = "AccessibilityApp-VoiceOver";
		};
/* End PBXContainerItemProxy section */

/* Begin PBXFileReference section */
		09B8359024C9F6D100FC7FD7 /* AccessibilityApp-VoiceOver.app */ = {isa = PBXFileReference; explicitFileType = wrapper.application; includeInIndex = 0; path = "AccessibilityApp-VoiceOver.app"; sourceTree = BUILT_PRODUCTS_DIR; };
		09B8359324C9F6D100FC7FD7 /* AppDelegate.swift */ = {isa = PBXFileReference; lastKnownFileType = sourcecode.swift; path = AppDelegate.swift; sourceTree = "<group>"; };
		09B8359524C9F6D100FC7FD7 /* SceneDelegate.swift */ = {isa = PBXFileReference; lastKnownFileType = sourcecode.swift; path = SceneDelegate.swift; sourceTree = "<group>"; };
		09B8359724C9F6D100FC7FD7 /* ViewController.swift */ = {isa = PBXFileReference; lastKnownFileType = sourcecode.swift; path = ViewController.swift; sourceTree = "<group>"; };
		09B8359A24C9F6D100FC7FD7 /* Base */ = {isa = PBXFileReference; lastKnownFileType = file.storyboard; name = Base; path = Base.lproj/Main.storyboard; sourceTree = "<group>"; };
		09B8359D24C9F6D100FC7FD7 /* AccessibilityApp_VoiceOver.xcdatamodel */ = {isa = PBXFileReference; lastKnownFileType = wrapper.xcdatamodel; path = AccessibilityApp_VoiceOver.xcdatamodel; sourceTree = "<group>"; };
		09B8359F24C9F6D600FC7FD7 /* Assets.xcassets */ = {isa = PBXFileReference; lastKnownFileType = folder.assetcatalog; path = Assets.xcassets; sourceTree = "<group>"; };
		09B835A224C9F6D600FC7FD7 /* Base */ = {isa = PBXFileReference; lastKnownFileType = file.storyboard; name = Base; path = Base.lproj/LaunchScreen.storyboard; sourceTree = "<group>"; };
		09B835A424C9F6D600FC7FD7 /* Info.plist */ = {isa = PBXFileReference; lastKnownFileType = text.plist.xml; path = Info.plist; sourceTree = "<group>"; };
		09B835A924C9F6D600FC7FD7 /* AccessibilityApp-VoiceOverTests.xctest */ = {isa = PBXFileReference; explicitFileType = wrapper.cfbundle; includeInIndex = 0; path = "AccessibilityApp-VoiceOverTests.xctest"; sourceTree = BUILT_PRODUCTS_DIR; };
		09B835AD24C9F6D600FC7FD7 /* AccessibilityApp_VoiceOverTests.swift */ = {isa = PBXFileReference; lastKnownFileType = sourcecode.swift; path = AccessibilityApp_VoiceOverTests.swift; sourceTree = "<group>"; };
		09B835AF24C9F6D600FC7FD7 /* Info.plist */ = {isa = PBXFileReference; lastKnownFileType = text.plist.xml; path = Info.plist; sourceTree = "<group>"; };
/* End PBXFileReference section */

/* Begin PBXFrameworksBuildPhase section */
		09B8358D24C9F6D100FC7FD7 /* Frameworks */ = {
			isa = PBXFrameworksBuildPhase;
			buildActionMask = 2147483647;
			files = (
			);
			runOnlyForDeploymentPostprocessing = 0;
		};
		09B835A624C9F6D600FC7FD7 /* Frameworks */ = {
			isa = PBXFrameworksBuildPhase;
			buildActionMask = 2147483647;
			files = (
			);
			runOnlyForDeploymentPostprocessing = 0;
		};
/* End PBXFrameworksBuildPhase section */

/* Begin PBXGroup section */
		09B8358724C9F6D100FC7FD7 = {
			isa = PBXGroup;
			children = (
				09B8359224C9F6D100FC7FD7 /* AccessibilityApp-VoiceOver */,
				09B835AC24C9F6D600FC7FD7 /* AccessibilityApp-VoiceOverTests */,
				09B8359124C9F6D100FC7FD7 /* Products */,
			);
			sourceTree = "<group>";
		};
		09B8359124C9F6D100FC7FD7 /* Products */ = {
			isa = PBXGroup;
			children = (
				09B8359024C9F6D100FC7FD7 /* AccessibilityApp-VoiceOver.app */,
				09B835A924C9F6D600FC7FD7 /* AccessibilityApp-VoiceOverTests.xctest */,
			);
			name = Products;
			sourceTree = "<group>";
		};
		09B8359224C9F6D100FC7FD7 /* AccessibilityApp-VoiceOver */ = {
			isa = PBXGroup;
			children = (
				09B8359324C9F6D100FC7FD7 /* AppDelegate.swift */,
				09B8359524C9F6D100FC7FD7 /* SceneDelegate.swift */,
				09B8359724C9F6D100FC7FD7 /* ViewController.swift */,
				09B8359924C9F6D100FC7FD7 /* Main.storyboard */,
				09B8359F24C9F6D600FC7FD7 /* Assets.xcassets */,
				09B835A124C9F6D600FC7FD7 /* LaunchScreen.storyboard */,
				09B835A424C9F6D600FC7FD7 /* Info.plist */,
				09B8359C24C9F6D100FC7FD7 /* AccessibilityApp_VoiceOver.xcdatamodeld */,
			);
			path = "AccessibilityApp-VoiceOver";
			sourceTree = "<group>";
		};
		09B835AC24C9F6D600FC7FD7 /* AccessibilityApp-VoiceOverTests */ = {
			isa = PBXGroup;
			children = (
				09B835AD24C9F6D600FC7FD7 /* AccessibilityApp_VoiceOverTests.swift */,
				09B835AF24C9F6D600FC7FD7 /* Info.plist */,
			);
			path = "AccessibilityApp-VoiceOverTests";
			sourceTree = "<group>";
		};
/* End PBXGroup section */

/* Begin PBXNativeTarget section */
		09B8358F24C9F6D100FC7FD7 /* AccessibilityApp-VoiceOver */ = {
			isa = PBXNativeTarget;
			buildConfigurationList = 09B835B224C9F6D600FC7FD7 /* Build configuration list for PBXNativeTarget "AccessibilityApp-VoiceOver" */;
			buildPhases = (
				09B8358C24C9F6D100FC7FD7 /* Sources */,
				09B8358D24C9F6D100FC7FD7 /* Frameworks */,
				09B8358E24C9F6D100FC7FD7 /* Resources */,
			);
			buildRules = (
			);
			dependencies = (
			);
			name = "AccessibilityApp-VoiceOver";
			productName = "AccessibilityApp-VoiceOver";
			productReference = 09B8359024C9F6D100FC7FD7 /* AccessibilityApp-VoiceOver.app */;
			productType = "com.apple.product-type.application";
		};
		09B835A824C9F6D600FC7FD7 /* AccessibilityApp-VoiceOverTests */ = {
			isa = PBXNativeTarget;
			buildConfigurationList = 09B835B524C9F6D600FC7FD7 /* Build configuration list for PBXNativeTarget "AccessibilityApp-VoiceOverTests" */;
			buildPhases = (
				09B835A524C9F6D600FC7FD7 /* Sources */,
				09B835A624C9F6D600FC7FD7 /* Frameworks */,
				09B835A724C9F6D600FC7FD7 /* Resources */,
			);
			buildRules = (
			);
			dependencies = (
				09B835AB24C9F6D600FC7FD7 /* PBXTargetDependency */,
			);
			name = "AccessibilityApp-VoiceOverTests";
			productName = "AccessibilityApp-VoiceOverTests";
			productReference = 09B835A924C9F6D600FC7FD7 /* AccessibilityApp-VoiceOverTests.xctest */;
			productType = "com.apple.product-type.bundle.unit-test";
		};
/* End PBXNativeTarget section */

/* Begin PBXProject section */
		09B8358824C9F6D100FC7FD7 /* Project object */ = {
			isa = PBXProject;
			attributes = {
				LastSwiftUpdateCheck = 1160;
				LastUpgradeCheck = 1160;
				ORGANIZATIONNAME = "Oniel Rosario";
				TargetAttributes = {
					09B8358F24C9F6D100FC7FD7 = {
						CreatedOnToolsVersion = 11.6;
					};
					09B835A824C9F6D600FC7FD7 = {
						CreatedOnToolsVersion = 11.6;
						TestTargetID = 09B8358F24C9F6D100FC7FD7;
					};
				};
			};
			buildConfigurationList = 09B8358B24C9F6D100FC7FD7 /* Build configuration list for PBXProject "AccessibilityApp-VoiceOver" */;
			compatibilityVersion = "Xcode 9.3";
			developmentRegion = en;
			hasScannedForEncodings = 0;
			knownRegions = (
				en,
				Base,
			);
			mainGroup = 09B8358724C9F6D100FC7FD7;
			productRefGroup = 09B8359124C9F6D100FC7FD7 /* Products */;
			projectDirPath = "";
			projectRoot = "";
			targets = (
				09B8358F24C9F6D100FC7FD7 /* AccessibilityApp-VoiceOver */,
				09B835A824C9F6D600FC7FD7 /* AccessibilityApp-VoiceOverTests */,
			);
		};
/* End PBXProject section */

/* Begin PBXResourcesBuildPhase section */
		09B8358E24C9F6D100FC7FD7 /* Resources */ = {
			isa = PBXResourcesBuildPhase;
			buildActionMask = 2147483647;
			files = (
				09B835A324C9F6D600FC7FD7 /* LaunchScreen.storyboard in Resources */,
				09B835A024C9F6D600FC7FD7 /* Assets.xcassets in Resources */,
				09B8359B24C9F6D100FC7FD7 /* Main.storyboard in Resources */,
			);
			runOnlyForDeploymentPostprocessing = 0;
		};
		09B835A724C9F6D600FC7FD7 /* Resources */ = {
			isa = PBXResourcesBuildPhase;
			buildActionMask = 2147483647;
			files = (
			);
			runOnlyForDeploymentPostprocessing = 0;
		};
/* End PBXResourcesBuildPhase section */

/* Begin PBXSourcesBuildPhase section */
		09B8358C24C9F6D100FC7FD7 /* Sources */ = {
			isa = PBXSourcesBuildPhase;
			buildActionMask = 2147483647;
			files = (
				09B8359824C9F6D100FC7FD7 /* ViewController.swift in Sources */,
				09B8359E24C9F6D100FC7FD7 /* AccessibilityApp_VoiceOver.xcdatamodeld in Sources */,
				09B8359424C9F6D100FC7FD7 /* AppDelegate.swift in Sources */,
				09B8359624C9F6D100FC7FD7 /* SceneDelegate.swift in Sources */,
			);
			runOnlyForDeploymentPostprocessing = 0;
		};
		09B835A524C9F6D600FC7FD7 /* Sources */ = {
			isa = PBXSourcesBuildPhase;
			buildActionMask = 2147483647;
			files = (
				09B835AE24C9F6D600FC7FD7 /* AccessibilityApp_VoiceOverTests.swift in Sources */,
			);
			runOnlyForDeploymentPostprocessing = 0;
		};
/* End PBXSourcesBuildPhase section */

/* Begin PBXTargetDependency section */
		09B835AB24C9F6D600FC7FD7 /* PBXTargetDependency */ = {
			isa = PBXTargetDependency;
			target = 09B8358F24C9F6D100FC7FD7 /* AccessibilityApp-VoiceOver */;
			targetProxy = 09B835AA24C9F6D600FC7FD7 /* PBXContainerItemProxy */;
		};
/* End PBXTargetDependency section */

/* Begin PBXVariantGroup section */
		09B8359924C9F6D100FC7FD7 /* Main.storyboard */ = {
			isa = PBXVariantGroup;
			children = (
				09B8359A24C9F6D100FC7FD7 /* Base */,
			);
			name = Main.storyboard;
			sourceTree = "<group>";
		};
		09B835A124C9F6D600FC7FD7 /* LaunchScreen.storyboard */ = {
			isa = PBXVariantGroup;
			children = (
				09B835A224C9F6D600FC7FD7 /* Base */,
			);
			name = LaunchScreen.storyboard;
			sourceTree = "<group>";
		};
/* End PBXVariantGroup section */

/* Begin XCBuildConfiguration section */
		09B835B024C9F6D600FC7FD7 /* Debug */ = {
			isa = XCBuildConfiguration;
			buildSettings = {
				ALWAYS_SEARCH_USER_PATHS = NO;
				CLANG_ANALYZER_NONNULL = YES;
				CLANG_ANALYZER_NUMBER_OBJECT_CONVERSION = YES_AGGRESSIVE;
				CLANG_CXX_LANGUAGE_STANDARD = "gnu++14";
				CLANG_CXX_LIBRARY = "libc++";
				CLANG_ENABLE_MODULES = YES;
				CLANG_ENABLE_OBJC_ARC = YES;
				CLANG_ENABLE_OBJC_WEAK = YES;
				CLANG_WARN_BLOCK_CAPTURE_AUTORELEASING = YES;
				CLANG_WARN_BOOL_CONVERSION = YES;
				CLANG_WARN_COMMA = YES;
				CLANG_WARN_CONSTANT_CONVERSION = YES;
				CLANG_WARN_DEPRECATED_OBJC_IMPLEMENTATIONS = YES;
				CLANG_WARN_DIRECT_OBJC_ISA_USAGE = YES_ERROR;
				CLANG_WARN_DOCUMENTATION_COMMENTS = YES;
				CLANG_WARN_EMPTY_BODY = YES;
				CLANG_WARN_ENUM_CONVERSION = YES;
				CLANG_WARN_INFINITE_RECURSION = YES;
				CLANG_WARN_INT_CONVERSION = YES;
				CLANG_WARN_NON_LITERAL_NULL_CONVERSION = YES;
				CLANG_WARN_OBJC_IMPLICIT_RETAIN_SELF = YES;
				CLANG_WARN_OBJC_LITERAL_CONVERSION = YES;
				CLANG_WARN_OBJC_ROOT_CLASS = YES_ERROR;
				CLANG_WARN_RANGE_LOOP_ANALYSIS = YES;
				CLANG_WARN_STRICT_PROTOTYPES = YES;
				CLANG_WARN_SUSPICIOUS_MOVE = YES;
				CLANG_WARN_UNGUARDED_AVAILABILITY = YES_AGGRESSIVE;
				CLANG_WARN_UNREACHABLE_CODE = YES;
				CLANG_WARN__DUPLICATE_METHOD_MATCH = YES;
				COPY_PHASE_STRIP = NO;
				DEBUG_INFORMATION_FORMAT = dwarf;
				ENABLE_STRICT_OBJC_MSGSEND = YES;
				ENABLE_TESTABILITY = YES;
				GCC_C_LANGUAGE_STANDARD = gnu11;
				GCC_DYNAMIC_NO_PIC = NO;
				GCC_NO_COMMON_BLOCKS = YES;
				GCC_OPTIMIZATION_LEVEL = 0;
				GCC_PREPROCESSOR_DEFINITIONS = (
					"DEBUG=1",
					"$(inherited)",
				);
				GCC_WARN_64_TO_32_BIT_CONVERSION = YES;
				GCC_WARN_ABOUT_RETURN_TYPE = YES_ERROR;
				GCC_WARN_UNDECLARED_SELECTOR = YES;
				GCC_WARN_UNINITIALIZED_AUTOS = YES_AGGRESSIVE;
				GCC_WARN_UNUSED_FUNCTION = YES;
				GCC_WARN_UNUSED_VARIABLE = YES;
				IPHONEOS_DEPLOYMENT_TARGET = 13.6;
				MTL_ENABLE_DEBUG_INFO = INCLUDE_SOURCE;
				MTL_FAST_MATH = YES;
				ONLY_ACTIVE_ARCH = YES;
				SDKROOT = iphoneos;
				SWIFT_ACTIVE_COMPILATION_CONDITIONS = DEBUG;
				SWIFT_OPTIMIZATION_LEVEL = "-Onone";
			};
			name = Debug;
		};
		09B835B124C9F6D600FC7FD7 /* Release */ = {
			isa = XCBuildConfiguration;
			buildSettings = {
				ALWAYS_SEARCH_USER_PATHS = NO;
				CLANG_ANALYZER_NONNULL = YES;
				CLANG_ANALYZER_NUMBER_OBJECT_CONVERSION = YES_AGGRESSIVE;
				CLANG_CXX_LANGUAGE_STANDARD = "gnu++14";
				CLANG_CXX_LIBRARY = "libc++";
				CLANG_ENABLE_MODULES = YES;
				CLANG_ENABLE_OBJC_ARC = YES;
				CLANG_ENABLE_OBJC_WEAK = YES;
				CLANG_WARN_BLOCK_CAPTURE_AUTORELEASING = YES;
				CLANG_WARN_BOOL_CONVERSION = YES;
				CLANG_WARN_COMMA = YES;
				CLANG_WARN_CONSTANT_CONVERSION = YES;
				CLANG_WARN_DEPRECATED_OBJC_IMPLEMENTATIONS = YES;
				CLANG_WARN_DIRECT_OBJC_ISA_USAGE = YES_ERROR;
				CLANG_WARN_DOCUMENTATION_COMMENTS = YES;
				CLANG_WARN_EMPTY_BODY = YES;
				CLANG_WARN_ENUM_CONVERSION = YES;
				CLANG_WARN_INFINITE_RECURSION = YES;
				CLANG_WARN_INT_CONVERSION = YES;
				CLANG_WARN_NON_LITERAL_NULL_CONVERSION = YES;
				CLANG_WARN_OBJC_IMPLICIT_RETAIN_SELF = YES;
				CLANG_WARN_OBJC_LITERAL_CONVERSION = YES;
				CLANG_WARN_OBJC_ROOT_CLASS = YES_ERROR;
				CLANG_WARN_RANGE_LOOP_ANALYSIS = YES;
				CLANG_WARN_STRICT_PROTOTYPES = YES;
				CLANG_WARN_SUSPICIOUS_MOVE = YES;
				CLANG_WARN_UNGUARDED_AVAILABILITY = YES_AGGRESSIVE;
				CLANG_WARN_UNREACHABLE_CODE = YES;
				CLANG_WARN__DUPLICATE_METHOD_MATCH = YES;
				COPY_PHASE_STRIP = NO;
				DEBUG_INFORMATION_FORMAT = "dwarf-with-dsym";
				ENABLE_NS_ASSERTIONS = NO;
				ENABLE_STRICT_OBJC_MSGSEND = YES;
				GCC_C_LANGUAGE_STANDARD = gnu11;
				GCC_NO_COMMON_BLOCKS = YES;
				GCC_WARN_64_TO_32_BIT_CONVERSION = YES;
				GCC_WARN_ABOUT_RETURN_TYPE = YES_ERROR;
				GCC_WARN_UNDECLARED_SELECTOR = YES;
				GCC_WARN_UNINITIALIZED_AUTOS = YES_AGGRESSIVE;
				GCC_WARN_UNUSED_FUNCTION = YES;
				GCC_WARN_UNUSED_VARIABLE = YES;
				IPHONEOS_DEPLOYMENT_TARGET = 13.6;
				MTL_ENABLE_DEBUG_INFO = NO;
				MTL_FAST_MATH = YES;
				SDKROOT = iphoneos;
				SWIFT_COMPILATION_MODE = wholemodule;
				SWIFT_OPTIMIZATION_LEVEL = "-O";
				VALIDATE_PRODUCT = YES;
			};
			name = Release;
		};
		09B835B324C9F6D600FC7FD7 /* Debug */ = {
			isa = XCBuildConfiguration;
			buildSettings = {
				ASSETCATALOG_COMPILER_APPICON_NAME = AppIcon;
				CODE_SIGN_STYLE = Automatic;
				DEVELOPMENT_TEAM = AVC7FB3M8N;
				INFOPLIST_FILE = "AccessibilityApp-VoiceOver/Info.plist";
				LD_RUNPATH_SEARCH_PATHS = (
					"$(inherited)",
					"@executable_path/Frameworks",
				);
				PRODUCT_BUNDLE_IDENTIFIER = "onielRosario.AccessibilityApp-VoiceOver";
				PRODUCT_NAME = "$(TARGET_NAME)";
				SWIFT_VERSION = 5.0;
				TARGETED_DEVICE_FAMILY = "1,2";
			};
			name = Debug;
		};
		09B835B424C9F6D600FC7FD7 /* Release */ = {
			isa = XCBuildConfiguration;
			buildSettings = {
				ASSETCATALOG_COMPILER_APPICON_NAME = AppIcon;
				CODE_SIGN_STYLE = Automatic;
				DEVELOPMENT_TEAM = AVC7FB3M8N;
				INFOPLIST_FILE = "AccessibilityApp-VoiceOver/Info.plist";
				LD_RUNPATH_SEARCH_PATHS = (
					"$(inherited)",
					"@executable_path/Frameworks",
				);
				PRODUCT_BUNDLE_IDENTIFIER = "onielRosario.AccessibilityApp-VoiceOver";
				PRODUCT_NAME = "$(TARGET_NAME)";
				SWIFT_VERSION = 5.0;
				TARGETED_DEVICE_FAMILY = "1,2";
			};
			name = Release;
		};
		09B835B624C9F6D600FC7FD7 /* Debug */ = {
			isa = XCBuildConfiguration;
			buildSettings = {
				ALWAYS_EMBED_SWIFT_STANDARD_LIBRARIES = YES;
				BUNDLE_LOADER = "$(TEST_HOST)";
				CODE_SIGN_STYLE = Automatic;
				DEVELOPMENT_TEAM = AVC7FB3M8N;
				INFOPLIST_FILE = "AccessibilityApp-VoiceOverTests/Info.plist";
				IPHONEOS_DEPLOYMENT_TARGET = 13.6;
				LD_RUNPATH_SEARCH_PATHS = (
					"$(inherited)",
					"@executable_path/Frameworks",
					"@loader_path/Frameworks",
				);
				PRODUCT_BUNDLE_IDENTIFIER = "onielRosario.AccessibilityApp-VoiceOverTests";
				PRODUCT_NAME = "$(TARGET_NAME)";
				SWIFT_VERSION = 5.0;
				TARGETED_DEVICE_FAMILY = "1,2";
				TEST_HOST = "$(BUILT_PRODUCTS_DIR)/AccessibilityApp-VoiceOver.app/AccessibilityApp-VoiceOver";
			};
			name = Debug;
		};
		09B835B724C9F6D600FC7FD7 /* Release */ = {
			isa = XCBuildConfiguration;
			buildSettings = {
				ALWAYS_EMBED_SWIFT_STANDARD_LIBRARIES = YES;
				BUNDLE_LOADER = "$(TEST_HOST)";
				CODE_SIGN_STYLE = Automatic;
				DEVELOPMENT_TEAM = AVC7FB3M8N;
				INFOPLIST_FILE = "AccessibilityApp-VoiceOverTests/Info.plist";
				IPHONEOS_DEPLOYMENT_TARGET = 13.6;
				LD_RUNPATH_SEARCH_PATHS = (
					"$(inherited)",
					"@executable_path/Frameworks",
					"@loader_path/Frameworks",
				);
				PRODUCT_BUNDLE_IDENTIFIER = "onielRosario.AccessibilityApp-VoiceOverTests";
				PRODUCT_NAME = "$(TARGET_NAME)";
				SWIFT_VERSION = 5.0;
				TARGETED_DEVICE_FAMILY = "1,2";
				TEST_HOST = "$(BUILT_PRODUCTS_DIR)/AccessibilityApp-VoiceOver.app/AccessibilityApp-VoiceOver";
			};
			name = Release;
		};
/* End XCBuildConfiguration section */

/* Begin XCConfigurationList section */
		09B8358B24C9F6D100FC7FD7 /* Build configuration list for PBXProject "AccessibilityApp-VoiceOver" */ = {
			isa = XCConfigurationList;
			buildConfigurations = (
				09B835B024C9F6D600FC7FD7 /* Debug */,
				09B835B124C9F6D600FC7FD7 /* Release */,
			);
			defaultConfigurationIsVisible = 0;
			defaultConfigurationName = Release;
		};
		09B835B224C9F6D600FC7FD7 /* Build configuration list for PBXNativeTarget "AccessibilityApp-VoiceOver" */ = {
			isa = XCConfigurationList;
			buildConfigurations = (
				09B835B324C9F6D600FC7FD7 /* Debug */,
				09B835B424C9F6D600FC7FD7 /* Release */,
			);
			defaultConfigurationIsVisible = 0;
			defaultConfigurationName = Release;
		};
		09B835B524C9F6D600FC7FD7 /* Build configuration list for PBXNativeTarget "AccessibilityApp-VoiceOverTests" */ = {
			isa = XCConfigurationList;
			buildConfigurations = (
				09B835B624C9F6D600FC7FD7 /* Debug */,
				09B835B724C9F6D600FC7FD7 /* Release */,
			);
			defaultConfigurationIsVisible = 0;
			defaultConfigurationName = Release;
		};
/* End XCConfigurationList section */

/* Begin XCVersionGroup section */
		09B8359C24C9F6D100FC7FD7 /* AccessibilityApp_VoiceOver.xcdatamodeld */ = {
			isa = XCVersionGroup;
			children = (
				09B8359D24C9F6D100FC7FD7 /* AccessibilityApp_VoiceOver.xcdatamodel */,
			);
			currentVersion = 09B8359D24C9F6D100FC7FD7 /* AccessibilityApp_VoiceOver.xcdatamodel */;
			path = AccessibilityApp_VoiceOver.xcdatamodeld;
			sourceTree = "<group>";
			versionGroupType = wrapper.xcdatamodel;
		};
/* End XCVersionGroup section */
	};
	rootObject = 09B8358824C9F6D100FC7FD7 /* Project object */;
}
